<?xml version="1.0" encoding="utf-8"?>
<Project ToolsVersion="4.0" xmlns="http://schemas.microsoft.com/developer/msbuild/2003">
  <ItemGroup>
    <Filter Include="include">
      <UniqueIdentifier>{89AF369E-F58E-B539-FEA6-40106A051C9B}</UniqueIdentifier>
    </Filter>
    <Filter Include="include\serial">
      <UniqueIdentifier>{D81CCD6A-C4EA-C070-AD7E-319799EB9CD5}</UniqueIdentifier>
    </Filter>
    <Filter Include="include\serial\impl">
      <UniqueIdentifier>{D9D5C67E-4537-A48C-CEA4-EA3E3A05DB4B}</UniqueIdentifier>
    </Filter>
    <Filter Include="src">
      <UniqueIdentifier>{2DAB880B-99B4-887C-2230-9F7C8E38947C}</UniqueIdentifier>
    </Filter>
    <Filter Include="src\impl">
      <UniqueIdentifier>{4EA131CF-3A6E-8CDA-6387-7A824FB3C168}</UniqueIdentifier>
    </Filter>
    <Filter Include="src\impl\list_ports">
      <UniqueIdentifier>{F015B026-5C77-8D34-E5E4-D3E65145C4F3}</UniqueIdentifier>
    </Filter>
  </ItemGroup>
  <ItemGroup>
    <ClInclude Include="include\serial\impl\win.h">
      <Filter>include\serial\impl</Filter>
    </ClInclude>
    <ClInclude Include="include\serial\serial.h">
      <Filter>include\serial</Filter>
    </ClInclude>
    <ClInclude Include="include\serial\v8stdint.h">
      <Filter>include\serial</Filter>
    </ClInclude>
  </ItemGroup>
  <ItemGroup>
    <ClCompile Include="src\impl\list_ports\list_ports_win.cpp">
      <Filter>src\impl\list_ports</Filter>
    </ClCompile>
    <ClCompile Include="src\impl\win.cpp">
      <Filter>src\impl</Filter>
    </ClCompile>
    <ClCompile Include="src\serial.cpp">
      <Filter>src</Filter>
    </ClCompile>
  </ItemGroup>
</Project>